
Microsoft Visual Studio Solution File, Format Version 12.00
# Visual Studio 2012
Project("{FAE04EC0-301F-11D3-BF4B-00C04F79EFBC}") = "LegeDoos.utils", "LegeDoos.utils\LegeDoos.utils.csproj", "{2DD3DAE1-6C74-4D2D-BD1A-497C5A61E047}"
EndProject
Project("{FAE04EC0-301F-11D3-BF4B-00C04F79EFBC}") = "LDMDocumentManager", "LDMDocumentManager\LDMDocumentManager.csproj", "{91B1B362-E537-4980-AC2F-83B09395955F}"
EndProject
Global
	GlobalSection(SolutionConfigurationPlatforms) = preSolution
		Debug|Any CPU = Debug|Any CPU
		Release|Any CPU = Release|Any CPU
	EndGlobalSection
	GlobalSection(ProjectConfigurationPlatforms) = postSolution
		{2DD3DAE1-6C74-4D2D-BD1A-497C5A61E047}.Debug|Any CPU.ActiveCfg = Debug|Any CPU
		{2DD3DAE1-6C74-4D2D-BD1A-497C5A61E047}.Debug|Any CPU.Build.0 = Debug|Any CPU
		{2DD3DAE1-6C74-4D2D-BD1A-497C5A61E047}.Release|Any CPU.ActiveCfg = Release|Any CPU
		{2DD3DAE1-6C74-4D2D-BD1A-497C5A61E047}.Release|Any CPU.Build.0 = Release|Any CPU
		{91B1B362-E537-4980-AC2F-83B09395955F}.Debug|Any CPU.ActiveCfg = Debug|Any CPU
		{91B1B362-E537-4980-AC2F-83B09395955F}.Debug|Any CPU.Build.0 = Debug|Any CPU
		{91B1B362-E537-4980-AC2F-83B09395955F}.Release|Any CPU.ActiveCfg = Release|Any CPU
		{91B1B362-E537-4980-AC2F-83B09395955F}.Release|Any CPU.Build.0 = Release|Any CPU
	EndGlobalSection
	GlobalSection(SolutionProperties) = preSolution
		HideSolutionNode = FALSE
	EndGlobalSection
EndGlobal
